// !$*UTF8*$!
{
	archiveVersion = 1;
	classes = {
	};
	objectVersion = 46;
	objects = {

/* Begin PBXBuildFile section */
		4933EBC61DA63A3F009439A6 /* AppDelegate.swift in Sources */ = {isa = PBXBuildFile; fileRef = 4933EBC51DA63A3F009439A6 /* AppDelegate.swift */; };
		4933EBC81DA63A3F009439A6 /* GameViewController.swift in Sources */ = {isa = PBXBuildFile; fileRef = 4933EBC71DA63A3F009439A6 /* GameViewController.swift */; };
		4933EBCB1DA63A3F009439A6 /* Main.storyboard in Resources */ = {isa = PBXBuildFile; fileRef = 4933EBC91DA63A3F009439A6 /* Main.storyboard */; };
		4933EBCD1DA63A3F009439A6 /* Assets.xcassets in Resources */ = {isa = PBXBuildFile; fileRef = 4933EBCC1DA63A3F009439A6 /* Assets.xcassets */; };
		4933EBD01DA63A3F009439A6 /* LaunchScreen.storyboard in Resources */ = {isa = PBXBuildFile; fileRef = 4933EBCE1DA63A3F009439A6 /* LaunchScreen.storyboard */; };
		4933EBDB1DA63A3F009439A6 /* tttTests.swift in Sources */ = {isa = PBXBuildFile; fileRef = 4933EBDA1DA63A3F009439A6 /* tttTests.swift */; };
		4933EBE61DA63AE7009439A6 /* Network.swift in Sources */ = {isa = PBXBuildFile; fileRef = 4933EBE51DA63AE7009439A6 /* Network.swift */; };
		4933EBE81DA63C97009439A6 /* UIColor+GameColors.swift in Sources */ = {isa = PBXBuildFile; fileRef = 4933EBE71DA63C97009439A6 /* UIColor+GameColors.swift */; };
		498334F31DA65D81006105C0 /* UIAlertController+Error.swift in Sources */ = {isa = PBXBuildFile; fileRef = 498334F21DA65D81006105C0 /* UIAlertController+Error.swift */; };
		498334F51DA65E8D006105C0 /* Array+Random.swift in Sources */ = {isa = PBXBuildFile; fileRef = 498334F41DA65E8D006105C0 /* Array+Random.swift */; };
		49D9B1881DA6CF090095093A /* feedback.wav in Resources */ = {isa = PBXBuildFile; fileRef = 49D9B1871DA6CF090095093A /* feedback.wav */; };
		49FBD5611DA63F3D0090FF93 /* Status.swift in Sources */ = {isa = PBXBuildFile; fileRef = 49FBD5601DA63F3D0090FF93 /* Status.swift */; };
		49FBD5631DA644590090FF93 /* StartViewController.swift in Sources */ = {isa = PBXBuildFile; fileRef = 49FBD5621DA644590090FF93 /* StartViewController.swift */; };
		49FBD5651DA64B240090FF93 /* Player.swift in Sources */ = {isa = PBXBuildFile; fileRef = 49FBD5641DA64B240090FF93 /* Player.swift */; };
		604DE1A94F2E78E2F241D00F /* Pods_ttt.framework in Frameworks */ = {isa = PBXBuildFile; fileRef = 6437271D0188696D67750B33 /* Pods_ttt.framework */; };
/* End PBXBuildFile section */

/* Begin PBXContainerItemProxy section */
		4933EBD71DA63A3F009439A6 /* PBXContainerItemProxy */ = {
			isa = PBXContainerItemProxy;
			containerPortal = 4933EBBA1DA63A3E009439A6 /* Project object */;
			proxyType = 1;
			remoteGlobalIDString = 4933EBC11DA63A3F009439A6;
			remoteInfo = ttt;
		};
/* End PBXContainerItemProxy section */

/* Begin PBXFileReference section */
		14ABFE18195DE7803F5D8ED2 /* Pods-ttt.release.xcconfig */ = {isa = PBXFileReference; includeInIndex = 1; lastKnownFileType = text.xcconfig; name = "Pods-ttt.release.xcconfig"; path = "Pods/Target Support Files/Pods-ttt/Pods-ttt.release.xcconfig"; sourceTree = "<group>"; };
		4933EBC21DA63A3F009439A6 /* ttt.app */ = {isa = PBXFileReference; explicitFileType = wrapper.application; includeInIndex = 0; path = ttt.app; sourceTree = BUILT_PRODUCTS_DIR; };
		4933EBC51DA63A3F009439A6 /* AppDelegate.swift */ = {isa = PBXFileReference; lastKnownFileType = sourcecode.swift; path = AppDelegate.swift; sourceTree = "<group>"; };
		4933EBC71DA63A3F009439A6 /* GameViewController.swift */ = {isa = PBXFileReference; lastKnownFileType = sourcecode.swift; path = GameViewController.swift; sourceTree = "<group>"; };
		4933EBCA1DA63A3F009439A6 /* Base */ = {isa = PBXFileReference; lastKnownFileType = file.storyboard; name = Base; path = Base.lproj/Main.storyboard; sourceTree = "<group>"; };
		4933EBCC1DA63A3F009439A6 /* Assets.xcassets */ = {isa = PBXFileReference; lastKnownFileType = folder.assetcatalog; path = Assets.xcassets; sourceTree = "<group>"; };
		4933EBCF1DA63A3F009439A6 /* Base */ = {isa = PBXFileReference; lastKnownFileType = file.storyboard; name = Base; path = Base.lproj/LaunchScreen.storyboard; sourceTree = "<group>"; };
		4933EBD11DA63A3F009439A6 /* Info.plist */ = {isa = PBXFileReference; lastKnownFileType = text.plist.xml; path = Info.plist; sourceTree = "<group>"; };
		4933EBD61DA63A3F009439A6 /* tttTests.xctest */ = {isa = PBXFileReference; explicitFileType = wrapper.cfbundle; includeInIndex = 0; path = tttTests.xctest; sourceTree = BUILT_PRODUCTS_DIR; };
		4933EBDA1DA63A3F009439A6 /* tttTests.swift */ = {isa = PBXFileReference; lastKnownFileType = sourcecode.swift; path = tttTests.swift; sourceTree = "<group>"; };
		4933EBDC1DA63A3F009439A6 /* Info.plist */ = {isa = PBXFileReference; lastKnownFileType = text.plist.xml; path = Info.plist; sourceTree = "<group>"; };
		4933EBE51DA63AE7009439A6 /* Network.swift */ = {isa = PBXFileReference; fileEncoding = 4; lastKnownFileType = sourcecode.swift; path = Network.swift; sourceTree = "<group>"; };
		4933EBE71DA63C97009439A6 /* UIColor+GameColors.swift */ = {isa = PBXFileReference; fileEncoding = 4; lastKnownFileType = sourcecode.swift; path = "UIColor+GameColors.swift"; sourceTree = "<group>"; };
		498334F21DA65D81006105C0 /* UIAlertController+Error.swift */ = {isa = PBXFileReference; fileEncoding = 4; lastKnownFileType = sourcecode.swift; path = "UIAlertController+Error.swift"; sourceTree = "<group>"; };
		498334F41DA65E8D006105C0 /* Array+Random.swift */ = {isa = PBXFileReference; fileEncoding = 4; lastKnownFileType = sourcecode.swift; path = "Array+Random.swift"; sourceTree = "<group>"; };
		49D9B1871DA6CF090095093A /* feedback.wav */ = {isa = PBXFileReference; lastKnownFileType = audio.wav; path = feedback.wav; sourceTree = "<group>"; };
		49FBD5601DA63F3D0090FF93 /* Status.swift */ = {isa = PBXFileReference; fileEncoding = 4; lastKnownFileType = sourcecode.swift; path = Status.swift; sourceTree = "<group>"; };
		49FBD5621DA644590090FF93 /* StartViewController.swift */ = {isa = PBXFileReference; fileEncoding = 4; lastKnownFileType = sourcecode.swift; path = StartViewController.swift; sourceTree = "<group>"; };
		49FBD5641DA64B240090FF93 /* Player.swift */ = {isa = PBXFileReference; fileEncoding = 4; lastKnownFileType = sourcecode.swift; path = Player.swift; sourceTree = "<group>"; };
		6437271D0188696D67750B33 /* Pods_ttt.framework */ = {isa = PBXFileReference; explicitFileType = wrapper.framework; includeInIndex = 0; path = Pods_ttt.framework; sourceTree = BUILT_PRODUCTS_DIR; };
		D052FFC2FF37A6ADB04377B0 /* Pods-ttt.debug.xcconfig */ = {isa = PBXFileReference; includeInIndex = 1; lastKnownFileType = text.xcconfig; name = "Pods-ttt.debug.xcconfig"; path = "Pods/Target Support Files/Pods-ttt/Pods-ttt.debug.xcconfig"; sourceTree = "<group>"; };
/* End PBXFileReference section */

/* Begin PBXFrameworksBuildPhase section */
		4933EBBF1DA63A3F009439A6 /* Frameworks */ = {
			isa = PBXFrameworksBuildPhase;
			buildActionMask = 2147483647;
			files = (
				604DE1A94F2E78E2F241D00F /* Pods_ttt.framework in Frameworks */,
			);
			runOnlyForDeploymentPostprocessing = 0;
		};
		4933EBD31DA63A3F009439A6 /* Frameworks */ = {
			isa = PBXFrameworksBuildPhase;
			buildActionMask = 2147483647;
			files = (
			);
			runOnlyForDeploymentPostprocessing = 0;
		};
/* End PBXFrameworksBuildPhase section */

/* Begin PBXGroup section */
		4933EBB91DA63A3E009439A6 = {
			isa = PBXGroup;
			children = (
				49D9B1871DA6CF090095093A /* feedback.wav */,
				4933EBC41DA63A3F009439A6 /* ttt */,
				4933EBD91DA63A3F009439A6 /* tttTests */,
				4933EBC31DA63A3F009439A6 /* Products */,
				AEFD0204A7EE9A38F97DDAC3 /* Pods */,
				FBDD9F707A59FA6354CC45FC /* Frameworks */,
			);
			sourceTree = "<group>";
		};
		4933EBC31DA63A3F009439A6 /* Products */ = {
			isa = PBXGroup;
			children = (
				4933EBC21DA63A3F009439A6 /* ttt.app */,
				4933EBD61DA63A3F009439A6 /* tttTests.xctest */,
			);
			name = Products;
			sourceTree = "<group>";
		};
		4933EBC41DA63A3F009439A6 /* ttt */ = {
			isa = PBXGroup;
			children = (
				4933EBC51DA63A3F009439A6 /* AppDelegate.swift */,
				49FBD5621DA644590090FF93 /* StartViewController.swift */,
				4933EBC71DA63A3F009439A6 /* GameViewController.swift */,
				49FBD55F1DA63F220090FF93 /* Model */,
				49FBD55E1DA63F1A0090FF93 /* Control */,
				4933EBE71DA63C97009439A6 /* UIColor+GameColors.swift */,
				498334F21DA65D81006105C0 /* UIAlertController+Error.swift */,
				498334F41DA65E8D006105C0 /* Array+Random.swift */,
				4933EBC91DA63A3F009439A6 /* Main.storyboard */,
				4933EBCC1DA63A3F009439A6 /* Assets.xcassets */,
				4933EBCE1DA63A3F009439A6 /* LaunchScreen.storyboard */,
				4933EBD11DA63A3F009439A6 /* Info.plist */,
			);
			path = ttt;
			sourceTree = "<group>";
		};
		4933EBD91DA63A3F009439A6 /* tttTests */ = {
			isa = PBXGroup;
			children = (
				4933EBDA1DA63A3F009439A6 /* tttTests.swift */,
				4933EBDC1DA63A3F009439A6 /* Info.plist */,
			);
			path = tttTests;
			sourceTree = "<group>";
		};
		49FBD55E1DA63F1A0090FF93 /* Control */ = {
			isa = PBXGroup;
			children = (
				4933EBE51DA63AE7009439A6 /* Network.swift */,
			);
			name = Control;
			sourceTree = "<group>";
		};
		49FBD55F1DA63F220090FF93 /* Model */ = {
			isa = PBXGroup;
			children = (
				49FBD5601DA63F3D0090FF93 /* Status.swift */,
				49FBD5641DA64B240090FF93 /* Player.swift */,
			);
			name = Model;
			sourceTree = "<group>";
		};
		AEFD0204A7EE9A38F97DDAC3 /* Pods */ = {
			isa = PBXGroup;
			children = (
				D052FFC2FF37A6ADB04377B0 /* Pods-ttt.debug.xcconfig */,
				14ABFE18195DE7803F5D8ED2 /* Pods-ttt.release.xcconfig */,
			);
			name = Pods;
			sourceTree = "<group>";
		};
		FBDD9F707A59FA6354CC45FC /* Frameworks */ = {
			isa = PBXGroup;
			children = (
				6437271D0188696D67750B33 /* Pods_ttt.framework */,
			);
			name = Frameworks;
			sourceTree = "<group>";
		};
/* End PBXGroup section */

/* Begin PBXNativeTarget section */
		4933EBC11DA63A3F009439A6 /* ttt */ = {
			isa = PBXNativeTarget;
			buildConfigurationList = 4933EBDF1DA63A3F009439A6 /* Build configuration list for PBXNativeTarget "ttt" */;
			buildPhases = (
				E879E6DE69545CAD68A6ADD9 /* [CP] Check Pods Manifest.lock */,
				4933EBBE1DA63A3F009439A6 /* Sources */,
				4933EBBF1DA63A3F009439A6 /* Frameworks */,
				4933EBC01DA63A3F009439A6 /* Resources */,
				4B98E3D73B51672018F0200B /* [CP] Embed Pods Frameworks */,
				6B0FC47FE9C2EFFC0865B403 /* [CP] Copy Pods Resources */,
			);
			buildRules = (
			);
			dependencies = (
			);
			name = ttt;
			productName = ttt;
			productReference = 4933EBC21DA63A3F009439A6 /* ttt.app */;
			productType = "com.apple.product-type.application";
		};
		4933EBD51DA63A3F009439A6 /* tttTests */ = {
			isa = PBXNativeTarget;
			buildConfigurationList = 4933EBE21DA63A3F009439A6 /* Build configuration list for PBXNativeTarget "tttTests" */;
			buildPhases = (
				4933EBD21DA63A3F009439A6 /* Sources */,
				4933EBD31DA63A3F009439A6 /* Frameworks */,
				4933EBD41DA63A3F009439A6 /* Resources */,
			);
			buildRules = (
			);
			dependencies = (
				4933EBD81DA63A3F009439A6 /* PBXTargetDependency */,
			);
			name = tttTests;
			productName = tttTests;
			productReference = 4933EBD61DA63A3F009439A6 /* tttTests.xctest */;
			productType = "com.apple.product-type.bundle.unit-test";
		};
/* End PBXNativeTarget section */

/* Begin PBXProject section */
		4933EBBA1DA63A3E009439A6 /* Project object */ = {
			isa = PBXProject;
			attributes = {
				LastSwiftUpdateCheck = 0800;
				LastUpgradeCheck = 0800;
				ORGANIZATIONNAME = "Bas Broek";
				TargetAttributes = {
					4933EBC11DA63A3F009439A6 = {
						CreatedOnToolsVersion = 8.0;
						DevelopmentTeam = T4Q499T59T;
						ProvisioningStyle = Automatic;
					};
					4933EBD51DA63A3F009439A6 = {
						CreatedOnToolsVersion = 8.0;
						DevelopmentTeam = T4Q499T59T;
						ProvisioningStyle = Automatic;
						TestTargetID = 4933EBC11DA63A3F009439A6;
					};
				};
			};
			buildConfigurationList = 4933EBBD1DA63A3E009439A6 /* Build configuration list for PBXProject "ttt" */;
			compatibilityVersion = "Xcode 3.2";
			developmentRegion = English;
			hasScannedForEncodings = 0;
			knownRegions = (
				en,
				Base,
			);
			mainGroup = 4933EBB91DA63A3E009439A6;
			productRefGroup = 4933EBC31DA63A3F009439A6 /* Products */;
			projectDirPath = "";
			projectRoot = "";
			targets = (
				4933EBC11DA63A3F009439A6 /* ttt */,
				4933EBD51DA63A3F009439A6 /* tttTests */,
			);
		};
/* End PBXProject section */

/* Begin PBXResourcesBuildPhase section */
		4933EBC01DA63A3F009439A6 /* Resources */ = {
			isa = PBXResourcesBuildPhase;
			buildActionMask = 2147483647;
			files = (
				49D9B1881DA6CF090095093A /* feedback.wav in Resources */,
				4933EBD01DA63A3F009439A6 /* LaunchScreen.storyboard in Resources */,
				4933EBCD1DA63A3F009439A6 /* Assets.xcassets in Resources */,
				4933EBCB1DA63A3F009439A6 /* Main.storyboard in Resources */,
			);
			runOnlyForDeploymentPostprocessing = 0;
		};
		4933EBD41DA63A3F009439A6 /* Resources */ = {
			isa = PBXResourcesBuildPhase;
			buildActionMask = 2147483647;
			files = (
			);
			runOnlyForDeploymentPostprocessing = 0;
		};
/* End PBXResourcesBuildPhase section */

/* Begin PBXShellScriptBuildPhase section */
		4B98E3D73B51672018F0200B /* [CP] Embed Pods Frameworks */ = {
			isa = PBXShellScriptBuildPhase;
			buildActionMask = 2147483647;
			files = (
			);
			inputPaths = (
			);
			name = "[CP] Embed Pods Frameworks";
			outputPaths = (
			);
			runOnlyForDeploymentPostprocessing = 0;
			shellPath = /bin/sh;
			shellScript = "\"${SRCROOT}/Pods/Target Support Files/Pods-ttt/Pods-ttt-frameworks.sh\"\n";
			showEnvVarsInLog = 0;
		};
		6B0FC47FE9C2EFFC0865B403 /* [CP] Copy Pods Resources */ = {
			isa = PBXShellScriptBuildPhase;
			buildActionMask = 2147483647;
			files = (
			);
			inputPaths = (
			);
			name = "[CP] Copy Pods Resources";
			outputPaths = (
			);
			runOnlyForDeploymentPostprocessing = 0;
			shellPath = /bin/sh;
			shellScript = "\"${SRCROOT}/Pods/Target Support Files/Pods-ttt/Pods-ttt-resources.sh\"\n";
			showEnvVarsInLog = 0;
		};
		E879E6DE69545CAD68A6ADD9 /* [CP] Check Pods Manifest.lock */ = {
			isa = PBXShellScriptBuildPhase;
			buildActionMask = 2147483647;
			files = (
			);
			inputPaths = (
			);
			name = "[CP] Check Pods Manifest.lock";
			outputPaths = (
			);
			runOnlyForDeploymentPostprocessing = 0;
			shellPath = /bin/sh;
			shellScript = "diff \"${PODS_ROOT}/../Podfile.lock\" \"${PODS_ROOT}/Manifest.lock\" > /dev/null\nif [ $? != 0 ] ; then\n    # print error to STDERR\n    echo \"error: The sandbox is not in sync with the Podfile.lock. Run 'pod install' or update your CocoaPods installation.\" >&2\n    exit 1\nfi\n";
			showEnvVarsInLog = 0;
		};
/* End PBXShellScriptBuildPhase section */

/* Begin PBXSourcesBuildPhase section */
		4933EBBE1DA63A3F009439A6 /* Sources */ = {
			isa = PBXSourcesBuildPhase;
			buildActionMask = 2147483647;
			files = (
				4933EBC81DA63A3F009439A6 /* GameViewController.swift in Sources */,
				49FBD5611DA63F3D0090FF93 /* Status.swift in Sources */,
				4933EBC61DA63A3F009439A6 /* AppDelegate.swift in Sources */,
				4933EBE61DA63AE7009439A6 /* Network.swift in Sources */,
				49FBD5651DA64B240090FF93 /* Player.swift in Sources */,
				4933EBE81DA63C97009439A6 /* UIColor+GameColors.swift in Sources */,
				49FBD5631DA644590090FF93 /* StartViewController.swift in Sources */,
				498334F31DA65D81006105C0 /* UIAlertController+Error.swift in Sources */,
				498334F51DA65E8D006105C0 /* Array+Random.swift in Sources */,
			);
			runOnlyForDeploymentPostprocessing = 0;
		};
		4933EBD21DA63A3F009439A6 /* Sources */ = {
			isa = PBXSourcesBuildPhase;
			buildActionMask = 2147483647;
			files = (
				4933EBDB1DA63A3F009439A6 /* tttTests.swift in Sources */,
			);
			runOnlyForDeploymentPostprocessing = 0;
		};
/* End PBXSourcesBuildPhase section */

/* Begin PBXTargetDependency section */
		4933EBD81DA63A3F009439A6 /* PBXTargetDependency */ = {
			isa = PBXTargetDependency;
			target = 4933EBC11DA63A3F009439A6 /* ttt */;
			targetProxy = 4933EBD71DA63A3F009439A6 /* PBXContainerItemProxy */;
		};
/* End PBXTargetDependency section */

/* Begin PBXVariantGroup section */
		4933EBC91DA63A3F009439A6 /* Main.storyboard */ = {
			isa = PBXVariantGroup;
			children = (
				4933EBCA1DA63A3F009439A6 /* Base */,
			);
			name = Main.storyboard;
			sourceTree = "<group>";
		};
		4933EBCE1DA63A3F009439A6 /* LaunchScreen.storyboard */ = {
			isa = PBXVariantGroup;
			children = (
				4933EBCF1DA63A3F009439A6 /* Base */,
			);
			name = LaunchScreen.storyboard;
			sourceTree = "<group>";
		};
/* End PBXVariantGroup section */

/* Begin XCBuildConfiguration section */
		4933EBDD1DA63A3F009439A6 /* Debug */ = {
			isa = XCBuildConfiguration;
			buildSettings = {
				ALWAYS_SEARCH_USER_PATHS = NO;
				CLANG_ANALYZER_NONNULL = YES;
				CLANG_CXX_LANGUAGE_STANDARD = "gnu++0x";
				CLANG_CXX_LIBRARY = "libc++";
				CLANG_ENABLE_MODULES = YES;
				CLANG_ENABLE_OBJC_ARC = YES;
				CLANG_WARN_BOOL_CONVERSION = YES;
				CLANG_WARN_CONSTANT_CONVERSION = YES;
				CLANG_WARN_DIRECT_OBJC_ISA_USAGE = YES_ERROR;
				CLANG_WARN_DOCUMENTATION_COMMENTS = YES;
				CLANG_WARN_EMPTY_BODY = YES;
				CLANG_WARN_ENUM_CONVERSION = YES;
				CLANG_WARN_INFINITE_RECURSION = YES;
				CLANG_WARN_INT_CONVERSION = YES;
				CLANG_WARN_OBJC_ROOT_CLASS = YES_ERROR;
				CLANG_WARN_SUSPICIOUS_MOVE = YES;
				CLANG_WARN_SUSPICIOUS_MOVES = YES;
				CLANG_WARN_UNREACHABLE_CODE = YES;
				CLANG_WARN__DUPLICATE_METHOD_MATCH = YES;
				"CODE_SIGN_IDENTITY[sdk=iphoneos*]" = "iPhone Developer";
				COPY_PHASE_STRIP = NO;
				DEBUG_INFORMATION_FORMAT = dwarf;
				ENABLE_STRICT_OBJC_MSGSEND = YES;
				ENABLE_TESTABILITY = YES;
				GCC_C_LANGUAGE_STANDARD = gnu99;
				GCC_DYNAMIC_NO_PIC = NO;
				GCC_NO_COMMON_BLOCKS = YES;
				GCC_OPTIMIZATION_LEVEL = 0;
				GCC_PREPROCESSOR_DEFINITIONS = (
					"DEBUG=1",
					"$(inherited)",
				);
				GCC_WARN_64_TO_32_BIT_CONVERSION = YES;
				GCC_WARN_ABOUT_RETURN_TYPE = YES_ERROR;
				GCC_WARN_UNDECLARED_SELECTOR = YES;
				GCC_WARN_UNINITIALIZED_AUTOS = YES_AGGRESSIVE;
				GCC_WARN_UNUSED_FUNCTION = YES;
				GCC_WARN_UNUSED_VARIABLE = YES;
				IPHONEOS_DEPLOYMENT_TARGET = 10.0;
				MTL_ENABLE_DEBUG_INFO = YES;
				ONLY_ACTIVE_ARCH = YES;
				SDKROOT = iphoneos;
				SWIFT_ACTIVE_COMPILATION_CONDITIONS = DEBUG;
				SWIFT_OPTIMIZATION_LEVEL = "-Onone";
				TARGETED_DEVICE_FAMILY = "1,2";
			};
			name = Debug;
		};
		4933EBDE1DA63A3F009439A6 /* Release */ = {
			isa = XCBuildConfiguration;
			buildSettings = {
				ALWAYS_SEARCH_USER_PATHS = NO;
				CLANG_ANALYZER_NONNULL = YES;
				CLANG_CXX_LANGUAGE_STANDARD = "gnu++0x";
				CLANG_CXX_LIBRARY = "libc++";
				CLANG_ENABLE_MODULES = YES;
				CLANG_ENABLE_OBJC_ARC = YES;
				CLANG_WARN_BOOL_CONVERSION = YES;
				CLANG_WARN_CONSTANT_CONVERSION = YES;
				CLANG_WARN_DIRECT_OBJC_ISA_USAGE = YES_ERROR;
				CLANG_WARN_DOCUMENTATION_COMMENTS = YES;
				CLANG_WARN_EMPTY_BODY = YES;
				CLANG_WARN_ENUM_CONVERSION = YES;
				CLANG_WARN_INFINITE_RECURSION = YES;
				CLANG_WARN_INT_CONVERSION = YES;
				CLANG_WARN_OBJC_ROOT_CLASS = YES_ERROR;
				CLANG_WARN_SUSPICIOUS_MOVE = YES;
				CLANG_WARN_SUSPICIOUS_MOVES = YES;
				CLANG_WARN_UNREACHABLE_CODE = YES;
				CLANG_WARN__DUPLICATE_METHOD_MATCH = YES;
				"CODE_SIGN_IDENTITY[sdk=iphoneos*]" = "iPhone Developer";
				COPY_PHASE_STRIP = NO;
				DEBUG_INFORMATION_FORMAT = "dwarf-with-dsym";
				ENABLE_NS_ASSERTIONS = NO;
				ENABLE_STRICT_OBJC_MSGSEND = YES;
				GCC_C_LANGUAGE_STANDARD = gnu99;
				GCC_NO_COMMON_BLOCKS = YES;
				GCC_WARN_64_TO_32_BIT_CONVERSION = YES;
				GCC_WARN_ABOUT_RETURN_TYPE = YES_ERROR;
				GCC_WARN_UNDECLARED_SELECTOR = YES;
				GCC_WARN_UNINITIALIZED_AUTOS = YES_AGGRESSIVE;
				GCC_WARN_UNUSED_FUNCTION = YES;
				GCC_WARN_UNUSED_VARIABLE = YES;
				IPHONEOS_DEPLOYMENT_TARGET = 10.0;
				MTL_ENABLE_DEBUG_INFO = NO;
				SDKROOT = iphoneos;
				SWIFT_OPTIMIZATION_LEVEL = "-Owholemodule";
				TARGETED_DEVICE_FAMILY = "1,2";
				VALIDATE_PRODUCT = YES;
			};
			name = Release;
		};
		4933EBE01DA63A3F009439A6 /* Debug */ = {
			isa = XCBuildConfiguration;
			baseConfigurationReference = D052FFC2FF37A6ADB04377B0 /* Pods-ttt.debug.xcconfig */;
			buildSettings = {
				ALWAYS_EMBED_SWIFT_STANDARD_LIBRARIES = "$(inherited)";
				ASSETCATALOG_COMPILER_APPICON_NAME = AppIcon;
				DEVELOPMENT_TEAM = T4Q499T59T;
				INFOPLIST_FILE = ttt/Info.plist;
				LD_RUNPATH_SEARCH_PATHS = "$(inherited) @executable_path/Frameworks";
				PRODUCT_BUNDLE_IDENTIFIER = nl.basbroek.ttt;
				PRODUCT_NAME = "$(TARGET_NAME)";
				SWIFT_VERSION = 3.0;
			};
			name = Debug;
		};
		4933EBE11DA63A3F009439A6 /* Release */ = {
			isa = XCBuildConfiguration;
			baseConfigurationReference = 14ABFE18195DE7803F5D8ED2 /* Pods-ttt.release.xcconfig */;
			buildSettings = {
				ALWAYS_EMBED_SWIFT_STANDARD_LIBRARIES = "$(inherited)";
				ASSETCATALOG_COMPILER_APPICON_NAME = AppIcon;
				DEVELOPMENT_TEAM = T4Q499T59T;
				INFOPLIST_FILE = ttt/Info.plist;
				LD_RUNPATH_SEARCH_PATHS = "$(inherited) @executable_path/Frameworks";
				PRODUCT_BUNDLE_IDENTIFIER = nl.basbroek.ttt;
				PRODUCT_NAME = "$(TARGET_NAME)";
				SWIFT_VERSION = 3.0;
			};
			name = Release;
		};
		4933EBE31DA63A3F009439A6 /* Debug */ = {
			isa = XCBuildConfiguration;
			buildSettings = {
				ALWAYS_EMBED_SWIFT_STANDARD_LIBRARIES = YES;
				BUNDLE_LOADER = "$(TEST_HOST)";
				DEVELOPMENT_TEAM = T4Q499T59T;
				INFOPLIST_FILE = tttTests/Info.plist;
				LD_RUNPATH_SEARCH_PATHS = "$(inherited) @executable_path/Frameworks @loader_path/Frameworks";
				PRODUCT_BUNDLE_IDENTIFIER = nl.basbroek.tttTests;
				PRODUCT_NAME = "$(TARGET_NAME)";
				SWIFT_VERSION = 3.0;
				TEST_HOST = "$(BUILT_PRODUCTS_DIR)/ttt.app/ttt";
			};
			name = Debug;
		};
		4933EBE41DA63A3F009439A6 /* Release */ = {
			isa = XCBuildConfiguration;
			buildSettings = {
				ALWAYS_EMBED_SWIFT_STANDARD_LIBRARIES = YES;
				BUNDLE_LOADER = "$(TEST_HOST)";
				DEVELOPMENT_TEAM = T4Q499T59T;
				INFOPLIST_FILE = tttTests/Info.plist;
				LD_RUNPATH_SEARCH_PATHS = "$(inherited) @executable_path/Frameworks @loader_path/Frameworks";
				PRODUCT_BUNDLE_IDENTIFIER = nl.basbroek.tttTests;
				PRODUCT_NAME = "$(TARGET_NAME)";
				SWIFT_VERSION = 3.0;
				TEST_HOST = "$(BUILT_PRODUCTS_DIR)/ttt.app/ttt";
			};
			name = Release;
		};
/* End XCBuildConfiguration section */

/* Begin XCConfigurationList section */
		4933EBBD1DA63A3E009439A6 /* Build configuration list for PBXProject "ttt" */ = {
			isa = XCConfigurationList;
			buildConfigurations = (
				4933EBDD1DA63A3F009439A6 /* Debug */,
				4933EBDE1DA63A3F009439A6 /* Release */,
			);
			defaultConfigurationIsVisible = 0;
			defaultConfigurationName = Release;
		};
		4933EBDF1DA63A3F009439A6 /* Build configuration list for PBXNativeTarget "ttt" */ = {
			isa = XCConfigurationList;
			buildConfigurations = (
				4933EBE01DA63A3F009439A6 /* Debug */,
				4933EBE11DA63A3F009439A6 /* Release */,
			);
			defaultConfigurationIsVisible = 0;
			defaultConfigurationName = Release;
		};
		4933EBE21DA63A3F009439A6 /* Build configuration list for PBXNativeTarget "tttTests" */ = {
			isa = XCConfigurationList;
			buildConfigurations = (
				4933EBE31DA63A3F009439A6 /* Debug */,
				4933EBE41DA63A3F009439A6 /* Release */,
			);
			defaultConfigurationIsVisible = 0;
			defaultConfigurationName = Release;
		};
/* End XCConfigurationList section */
	};
	rootObject = 4933EBBA1DA63A3E009439A6 /* Project object */;
}
